
Microsoft Visual Studio Solution File, Format Version 12.00
# Visual Studio Version 17
VisualStudioVersion = 17.6.33712.159
MinimumVisualStudioVersion = 10.0.40219.1
Project("{9A19103F-16F7-4668-BE54-9A1E7A4F7556}") = "Shipping.API", "Shipping.API\Shipping.API.csproj", "{D4845B0E-1E0D-4169-AD05-4E2BFF0098D3}"
EndProject
Project("{9A19103F-16F7-4668-BE54-9A1E7A4F7556}") = "Shipping.Entities", "Shipping.Entities\Shipping.Entities.csproj", "{C6F28B8A-A49F-473E-82D2-FBFBD46D2732}"
EndProject
Project("{9A19103F-16F7-4668-BE54-9A1E7A4F7556}") = "Shipping.Repositories", "Shipping.Contracts\Shipping.Repositories.csproj", "{303AACB3-AA4D-46E5-8ABF-FCDE851C6D84}"
EndProject
Project("{FAE04EC0-301F-11D3-BF4B-00C04F79EFBC}") = "Shipping.Services", "Shipping.Services\Shipping.Services.csproj", "{27B3888D-D315-482D-9870-21EE2D0B6A15}"
EndProject
Global
	GlobalSection(SolutionConfigurationPlatforms) = preSolution
		Debug|Any CPU = Debug|Any CPU
		Release|Any CPU = Release|Any CPU
	EndGlobalSection
	GlobalSection(ProjectConfigurationPlatforms) = postSolution
		{D4845B0E-1E0D-4169-AD05-4E2BFF0098D3}.Debug|Any CPU.ActiveCfg = Debug|Any CPU
		{D4845B0E-1E0D-4169-AD05-4E2BFF0098D3}.Debug|Any CPU.Build.0 = Debug|Any CPU
		{D4845B0E-1E0D-4169-AD05-4E2BFF0098D3}.Release|Any CPU.ActiveCfg = Release|Any CPU
		{D4845B0E-1E0D-4169-AD05-4E2BFF0098D3}.Release|Any CPU.Build.0 = Release|Any CPU
		{C6F28B8A-A49F-473E-82D2-FBFBD46D2732}.Debug|Any CPU.ActiveCfg = Debug|Any CPU
		{C6F28B8A-A49F-473E-82D2-FBFBD46D2732}.Debug|Any CPU.Build.0 = Debug|Any CPU
		{C6F28B8A-A49F-473E-82D2-FBFBD46D2732}.Release|Any CPU.ActiveCfg = Release|Any CPU
		{C6F28B8A-A49F-473E-82D2-FBFBD46D2732}.Release|Any CPU.Build.0 = Release|Any CPU
		{303AACB3-AA4D-46E5-8ABF-FCDE851C6D84}.Debug|Any CPU.ActiveCfg = Debug|Any CPU
		{303AACB3-AA4D-46E5-8ABF-FCDE851C6D84}.Debug|Any CPU.Build.0 = Debug|Any CPU
		{303AACB3-AA4D-46E5-8ABF-FCDE851C6D84}.Release|Any CPU.ActiveCfg = Release|Any CPU
		{303AACB3-AA4D-46E5-8ABF-FCDE851C6D84}.Release|Any CPU.Build.0 = Release|Any CPU
		{27B3888D-D315-482D-9870-21EE2D0B6A15}.Debug|Any CPU.ActiveCfg = Debug|Any CPU
		{27B3888D-D315-482D-9870-21EE2D0B6A15}.Debug|Any CPU.Build.0 = Debug|Any CPU
		{27B3888D-D315-482D-9870-21EE2D0B6A15}.Release|Any CPU.ActiveCfg = Release|Any CPU
		{27B3888D-D315-482D-9870-21EE2D0B6A15}.Release|Any CPU.Build.0 = Release|Any CPU
	EndGlobalSection
	GlobalSection(SolutionProperties) = preSolution
		HideSolutionNode = FALSE
	EndGlobalSection
	GlobalSection(ExtensibilityGlobals) = postSolution
		SolutionGuid = {BCA0D920-6E9F-4271-B335-C8A9ACA9F086}
	EndGlobalSection
EndGlobal
